// !$*UTF8*$!
{
	archiveVersion = 1;
	classes = {
	};
	objectVersion = 55;
	objects = {

/* Begin PBXBuildFile section */
		C939827A26728DB200793F9A /* SwiftUI3FunApp.swift in Sources */ = {isa = PBXBuildFile; fileRef = C939827926728DB200793F9A /* SwiftUI3FunApp.swift */; };
		C939827C26728DB200793F9A /* ContentView.swift in Sources */ = {isa = PBXBuildFile; fileRef = C939827B26728DB200793F9A /* ContentView.swift */; };
		C939827E26728DB300793F9A /* Assets.xcassets in Resources */ = {isa = PBXBuildFile; fileRef = C939827D26728DB300793F9A /* Assets.xcassets */; };
		C939828126728DB300793F9A /* Preview Assets.xcassets in Resources */ = {isa = PBXBuildFile; fileRef = C939828026728DB300793F9A /* Preview Assets.xcassets */; };
		C939828D26728E8E00793F9A /* ExampleItem.swift in Sources */ = {isa = PBXBuildFile; fileRef = C939828B26728E8E00793F9A /* ExampleItem.swift */; };
		C939828E26728E8E00793F9A /* Profile.swift in Sources */ = {isa = PBXBuildFile; fileRef = C939828C26728E8E00793F9A /* Profile.swift */; };
		C939829226728E9D00793F9A /* HomeViewModel.swift in Sources */ = {isa = PBXBuildFile; fileRef = C939828F26728E9C00793F9A /* HomeViewModel.swift */; };
		C939829326728E9D00793F9A /* PullToRefreshExampleViewModel.swift in Sources */ = {isa = PBXBuildFile; fileRef = C939829026728E9C00793F9A /* PullToRefreshExampleViewModel.swift */; };
		C939829426728E9D00793F9A /* SearchBarExampleViewModel.swift in Sources */ = {isa = PBXBuildFile; fileRef = C939829126728E9D00793F9A /* SearchBarExampleViewModel.swift */; };
		C93982AD26728EA900793F9A /* OnSubmitExampleView.swift in Sources */ = {isa = PBXBuildFile; fileRef = C939829526728EA800793F9A /* OnSubmitExampleView.swift */; };
		C93982AE26728EA900793F9A /* ControlGroupExampleView.swift in Sources */ = {isa = PBXBuildFile; fileRef = C939829626728EA800793F9A /* ControlGroupExampleView.swift */; };
		C93982AF26728EA900793F9A /* BindedCollectionExampleView.swift in Sources */ = {isa = PBXBuildFile; fileRef = C939829726728EA800793F9A /* BindedCollectionExampleView.swift */; };
		C93982B026728EA900793F9A /* ForegroundStylesExampleView.swift in Sources */ = {isa = PBXBuildFile; fileRef = C939829826728EA800793F9A /* ForegroundStylesExampleView.swift */; };
		C93982B126728EA900793F9A /* ButtonExampleView.swift in Sources */ = {isa = PBXBuildFile; fileRef = C939829926728EA800793F9A /* ButtonExampleView.swift */; };
		C93982B226728EA900793F9A /* AlertExampleView.swift in Sources */ = {isa = PBXBuildFile; fileRef = C939829A26728EA800793F9A /* AlertExampleView.swift */; };
		C93982B326728EA900793F9A /* HomeView.swift in Sources */ = {isa = PBXBuildFile; fileRef = C939829B26728EA800793F9A /* HomeView.swift */; };
		C93982B426728EA900793F9A /* ListSeparatorExampleView.swift in Sources */ = {isa = PBXBuildFile; fileRef = C939829C26728EA800793F9A /* ListSeparatorExampleView.swift */; };
		C93982B526728EA900793F9A /* KeyboardAccessoryExampleView.swift in Sources */ = {isa = PBXBuildFile; fileRef = C939829D26728EA800793F9A /* KeyboardAccessoryExampleView.swift */; };
		C93982B626728EA900793F9A /* ListSwipeActionsExampleView.swift in Sources */ = {isa = PBXBuildFile; fileRef = C939829E26728EA800793F9A /* ListSwipeActionsExampleView.swift */; };
		C93982B726728EA900793F9A /* SafeAreaInsetExampleView.swift in Sources */ = {isa = PBXBuildFile; fileRef = C939829F26728EA800793F9A /* SafeAreaInsetExampleView.swift */; };
		C93982B826728EA900793F9A /* ListPullToRefreshExampleView.swift in Sources */ = {isa = PBXBuildFile; fileRef = C93982A026728EA800793F9A /* ListPullToRefreshExampleView.swift */; };
		C93982B926728EA900793F9A /* ProfileView.swift in Sources */ = {isa = PBXBuildFile; fileRef = C93982A126728EA800793F9A /* ProfileView.swift */; };
		C93982BA26728EA900793F9A /* SFSymbolsExampleView.swift in Sources */ = {isa = PBXBuildFile; fileRef = C93982A226728EA800793F9A /* SFSymbolsExampleView.swift */; };
		C93982BB26728EA900793F9A /* SearchBarExampleView.swift in Sources */ = {isa = PBXBuildFile; fileRef = C93982A326728EA900793F9A /* SearchBarExampleView.swift */; };
		C93982BC26728EA900793F9A /* AsyncImageExampleView.swift in Sources */ = {isa = PBXBuildFile; fileRef = C93982A426728EA900793F9A /* AsyncImageExampleView.swift */; };
		C93982BD26728EA900793F9A /* ShowHideKeyboardExampleView.swift in Sources */ = {isa = PBXBuildFile; fileRef = C93982A526728EA900793F9A /* ShowHideKeyboardExampleView.swift */; };
		C93982BE26728EA900793F9A /* FocusStateExampleView.swift in Sources */ = {isa = PBXBuildFile; fileRef = C93982A626728EA900793F9A /* FocusStateExampleView.swift */; };
		C93982BF26728EA900793F9A /* MaterialExampleView.swift in Sources */ = {isa = PBXBuildFile; fileRef = C93982A726728EA900793F9A /* MaterialExampleView.swift */; };
		C93982C026728EA900793F9A /* MarkdownExampleView.swift in Sources */ = {isa = PBXBuildFile; fileRef = C93982A826728EA900793F9A /* MarkdownExampleView.swift */; };
		C93982C126728EA900793F9A /* SheetInteractiveDismissExampleView.swift in Sources */ = {isa = PBXBuildFile; fileRef = C93982A926728EA900793F9A /* SheetInteractiveDismissExampleView.swift */; };
		C93982C226728EA900793F9A /* DateFormatterExampleView.swift in Sources */ = {isa = PBXBuildFile; fileRef = C93982AA26728EA900793F9A /* DateFormatterExampleView.swift */; };
		C93982C326728EA900793F9A /* ConfirmationDialogExampleView.swift in Sources */ = {isa = PBXBuildFile; fileRef = C93982AB26728EA900793F9A /* ConfirmationDialogExampleView.swift */; };
		C93982C426728EA900793F9A /* ExampleView.swift in Sources */ = {isa = PBXBuildFile; fileRef = C93982AC26728EA900793F9A /* ExampleView.swift */; };
/* End PBXBuildFile section */

/* Begin PBXFileReference section */
		C939827626728DB200793F9A /* SwiftUI3Fun.app */ = {isa = PBXFileReference; explicitFileType = wrapper.application; includeInIndex = 0; path = SwiftUI3Fun.app; sourceTree = BUILT_PRODUCTS_DIR; };
		C939827926728DB200793F9A /* SwiftUI3FunApp.swift */ = {isa = PBXFileReference; lastKnownFileType = sourcecode.swift; path = SwiftUI3FunApp.swift; sourceTree = "<group>"; };
		C939827B26728DB200793F9A /* ContentView.swift */ = {isa = PBXFileReference; lastKnownFileType = sourcecode.swift; path = ContentView.swift; sourceTree = "<group>"; };
		C939827D26728DB300793F9A /* Assets.xcassets */ = {isa = PBXFileReference; lastKnownFileType = folder.assetcatalog; path = Assets.xcassets; sourceTree = "<group>"; };
		C939828026728DB300793F9A /* Preview Assets.xcassets */ = {isa = PBXFileReference; lastKnownFileType = folder.assetcatalog; path = "Preview Assets.xcassets"; sourceTree = "<group>"; };
		C939828B26728E8E00793F9A /* ExampleItem.swift */ = {isa = PBXFileReference; fileEncoding = 4; lastKnownFileType = sourcecode.swift; path = ExampleItem.swift; sourceTree = "<group>"; };
		C939828C26728E8E00793F9A /* Profile.swift */ = {isa = PBXFileReference; fileEncoding = 4; lastKnownFileType = sourcecode.swift; path = Profile.swift; sourceTree = "<group>"; };
		C939828F26728E9C00793F9A /* HomeViewModel.swift */ = {isa = PBXFileReference; fileEncoding = 4; lastKnownFileType = sourcecode.swift; path = HomeViewModel.swift; sourceTree = "<group>"; };
		C939829026728E9C00793F9A /* PullToRefreshExampleViewModel.swift */ = {isa = PBXFileReference; fileEncoding = 4; lastKnownFileType = sourcecode.swift; path = PullToRefreshExampleViewModel.swift; sourceTree = "<group>"; };
		C939829126728E9D00793F9A /* SearchBarExampleViewModel.swift */ = {isa = PBXFileReference; fileEncoding = 4; lastKnownFileType = sourcecode.swift; path = SearchBarExampleViewModel.swift; sourceTree = "<group>"; };
		C939829526728EA800793F9A /* OnSubmitExampleView.swift */ = {isa = PBXFileReference; fileEncoding = 4; lastKnownFileType = sourcecode.swift; path = OnSubmitExampleView.swift; sourceTree = "<group>"; };
		C939829626728EA800793F9A /* ControlGroupExampleView.swift */ = {isa = PBXFileReference; fileEncoding = 4; lastKnownFileType = sourcecode.swift; path = ControlGroupExampleView.swift; sourceTree = "<group>"; };
		C939829726728EA800793F9A /* BindedCollectionExampleView.swift */ = {isa = PBXFileReference; fileEncoding = 4; lastKnownFileType = sourcecode.swift; path = BindedCollectionExampleView.swift; sourceTree = "<group>"; };
		C939829826728EA800793F9A /* ForegroundStylesExampleView.swift */ = {isa = PBXFileReference; fileEncoding = 4; lastKnownFileType = sourcecode.swift; path = ForegroundStylesExampleView.swift; sourceTree = "<group>"; };
		C939829926728EA800793F9A /* ButtonExampleView.swift */ = {isa = PBXFileReference; fileEncoding = 4; lastKnownFileType = sourcecode.swift; path = ButtonExampleView.swift; sourceTree = "<group>"; };
		C939829A26728EA800793F9A /* AlertExampleView.swift */ = {isa = PBXFileReference; fileEncoding = 4; lastKnownFileType = sourcecode.swift; path = AlertExampleView.swift; sourceTree = "<group>"; };
		C939829B26728EA800793F9A /* HomeView.swift */ = {isa = PBXFileReference; fileEncoding = 4; lastKnownFileType = sourcecode.swift; path = HomeView.swift; sourceTree = "<group>"; };
		C939829C26728EA800793F9A /* ListSeparatorExampleView.swift */ = {isa = PBXFileReference; fileEncoding = 4; lastKnownFileType = sourcecode.swift; path = ListSeparatorExampleView.swift; sourceTree = "<group>"; };
		C939829D26728EA800793F9A /* KeyboardAccessoryExampleView.swift */ = {isa = PBXFileReference; fileEncoding = 4; lastKnownFileType = sourcecode.swift; path = KeyboardAccessoryExampleView.swift; sourceTree = "<group>"; };
		C939829E26728EA800793F9A /* ListSwipeActionsExampleView.swift */ = {isa = PBXFileReference; fileEncoding = 4; lastKnownFileType = sourcecode.swift; path = ListSwipeActionsExampleView.swift; sourceTree = "<group>"; };
		C939829F26728EA800793F9A /* SafeAreaInsetExampleView.swift */ = {isa = PBXFileReference; fileEncoding = 4; lastKnownFileType = sourcecode.swift; path = SafeAreaInsetExampleView.swift; sourceTree = "<group>"; };
		C93982A026728EA800793F9A /* ListPullToRefreshExampleView.swift */ = {isa = PBXFileReference; fileEncoding = 4; lastKnownFileType = sourcecode.swift; path = ListPullToRefreshExampleView.swift; sourceTree = "<group>"; };
		C93982A126728EA800793F9A /* ProfileView.swift */ = {isa = PBXFileReference; fileEncoding = 4; lastKnownFileType = sourcecode.swift; path = ProfileView.swift; sourceTree = "<group>"; };
		C93982A226728EA800793F9A /* SFSymbolsExampleView.swift */ = {isa = PBXFileReference; fileEncoding = 4; lastKnownFileType = sourcecode.swift; path = SFSymbolsExampleView.swift; sourceTree = "<group>"; };
		C93982A326728EA900793F9A /* SearchBarExampleView.swift */ = {isa = PBXFileReference; fileEncoding = 4; lastKnownFileType = sourcecode.swift; path = SearchBarExampleView.swift; sourceTree = "<group>"; };
		C93982A426728EA900793F9A /* AsyncImageExampleView.swift */ = {isa = PBXFileReference; fileEncoding = 4; lastKnownFileType = sourcecode.swift; path = AsyncImageExampleView.swift; sourceTree = "<group>"; };
		C93982A526728EA900793F9A /* ShowHideKeyboardExampleView.swift */ = {isa = PBXFileReference; fileEncoding = 4; lastKnownFileType = sourcecode.swift; path = ShowHideKeyboardExampleView.swift; sourceTree = "<group>"; };
		C93982A626728EA900793F9A /* FocusStateExampleView.swift */ = {isa = PBXFileReference; fileEncoding = 4; lastKnownFileType = sourcecode.swift; path = FocusStateExampleView.swift; sourceTree = "<group>"; };
		C93982A726728EA900793F9A /* MaterialExampleView.swift */ = {isa = PBXFileReference; fileEncoding = 4; lastKnownFileType = sourcecode.swift; path = MaterialExampleView.swift; sourceTree = "<group>"; };
		C93982A826728EA900793F9A /* MarkdownExampleView.swift */ = {isa = PBXFileReference; fileEncoding = 4; lastKnownFileType = sourcecode.swift; path = MarkdownExampleView.swift; sourceTree = "<group>"; };
		C93982A926728EA900793F9A /* SheetInteractiveDismissExampleView.swift */ = {isa = PBXFileReference; fileEncoding = 4; lastKnownFileType = sourcecode.swift; path = SheetInteractiveDismissExampleView.swift; sourceTree = "<group>"; };
		C93982AA26728EA900793F9A /* DateFormatterExampleView.swift */ = {isa = PBXFileReference; fileEncoding = 4; lastKnownFileType = sourcecode.swift; path = DateFormatterExampleView.swift; sourceTree = "<group>"; };
		C93982AB26728EA900793F9A /* ConfirmationDialogExampleView.swift */ = {isa = PBXFileReference; fileEncoding = 4; lastKnownFileType = sourcecode.swift; path = ConfirmationDialogExampleView.swift; sourceTree = "<group>"; };
		C93982AC26728EA900793F9A /* ExampleView.swift */ = {isa = PBXFileReference; fileEncoding = 4; lastKnownFileType = sourcecode.swift; path = ExampleView.swift; sourceTree = "<group>"; };
/* End PBXFileReference section */

/* Begin PBXFrameworksBuildPhase section */
		C939827326728DB200793F9A /* Frameworks */ = {
			isa = PBXFrameworksBuildPhase;
			buildActionMask = 2147483647;
			files = (
			);
			runOnlyForDeploymentPostprocessing = 0;
		};
/* End PBXFrameworksBuildPhase section */

/* Begin PBXGroup section */
		C939826D26728DB200793F9A = {
			isa = PBXGroup;
			children = (
				C939827826728DB200793F9A /* SwiftUI3Fun */,
				C939827726728DB200793F9A /* Products */,
			);
			sourceTree = "<group>";
		};
		C939827726728DB200793F9A /* Products */ = {
			isa = PBXGroup;
			children = (
				C939827626728DB200793F9A /* SwiftUI3Fun.app */,
			);
			name = Products;
			sourceTree = "<group>";
		};
		C939827826728DB200793F9A /* SwiftUI3Fun */ = {
			isa = PBXGroup;
			children = (
				C939828826728DDA00793F9A /* Models */,
				C939828A26728E4B00793F9A /* Views */,
				C939828926728E4000793F9A /* ViewModels */,
				C939828726728DCC00793F9A /* Main */,
				C939827D26728DB300793F9A /* Assets.xcassets */,
				C939827F26728DB300793F9A /* Preview Content */,
			);
			path = SwiftUI3Fun;
			sourceTree = "<group>";
		};
		C939827F26728DB300793F9A /* Preview Content */ = {
			isa = PBXGroup;
			children = (
				C939828026728DB300793F9A /* Preview Assets.xcassets */,
			);
			path = "Preview Content";
			sourceTree = "<group>";
		};
		C939828726728DCC00793F9A /* Main */ = {
			isa = PBXGroup;
			children = (
				C939827926728DB200793F9A /* SwiftUI3FunApp.swift */,
				C939827B26728DB200793F9A /* ContentView.swift */,
			);
			path = Main;
			sourceTree = "<group>";
		};
		C939828826728DDA00793F9A /* Models */ = {
			isa = PBXGroup;
			children = (
				C939828B26728E8E00793F9A /* ExampleItem.swift */,
				C939828C26728E8E00793F9A /* Profile.swift */,
			);
			path = Models;
			sourceTree = "<group>";
		};
		C939828926728E4000793F9A /* ViewModels */ = {
			isa = PBXGroup;
			children = (
				C939828F26728E9C00793F9A /* HomeViewModel.swift */,
				C939829026728E9C00793F9A /* PullToRefreshExampleViewModel.swift */,
				C939829126728E9D00793F9A /* SearchBarExampleViewModel.swift */,
			);
			path = ViewModels;
			sourceTree = "<group>";
		};
		C939828A26728E4B00793F9A /* Views */ = {
			isa = PBXGroup;
			children = (
				C939829A26728EA800793F9A /* AlertExampleView.swift */,
				C93982A426728EA900793F9A /* AsyncImageExampleView.swift */,
				C939829726728EA800793F9A /* BindedCollectionExampleView.swift */,
				C939829926728EA800793F9A /* ButtonExampleView.swift */,
				C93982AB26728EA900793F9A /* ConfirmationDialogExampleView.swift */,
				C939829626728EA800793F9A /* ControlGroupExampleView.swift */,
				C93982AA26728EA900793F9A /* DateFormatterExampleView.swift */,
				C93982AC26728EA900793F9A /* ExampleView.swift */,
				C93982A626728EA900793F9A /* FocusStateExampleView.swift */,
				C939829826728EA800793F9A /* ForegroundStylesExampleView.swift */,
				C939829B26728EA800793F9A /* HomeView.swift */,
				C939829D26728EA800793F9A /* KeyboardAccessoryExampleView.swift */,
				C93982A026728EA800793F9A /* ListPullToRefreshExampleView.swift */,
				C939829C26728EA800793F9A /* ListSeparatorExampleView.swift */,
				C939829E26728EA800793F9A /* ListSwipeActionsExampleView.swift */,
				C93982A826728EA900793F9A /* MarkdownExampleView.swift */,
				C93982A726728EA900793F9A /* MaterialExampleView.swift */,
				C939829526728EA800793F9A /* OnSubmitExampleView.swift */,
				C93982A126728EA800793F9A /* ProfileView.swift */,
				C939829F26728EA800793F9A /* SafeAreaInsetExampleView.swift */,
				C93982A326728EA900793F9A /* SearchBarExampleView.swift */,
				C93982A226728EA800793F9A /* SFSymbolsExampleView.swift */,
				C93982A926728EA900793F9A /* SheetInteractiveDismissExampleView.swift */,
				C93982A526728EA900793F9A /* ShowHideKeyboardExampleView.swift */,
			);
			path = Views;
			sourceTree = "<group>";
		};
/* End PBXGroup section */

/* Begin PBXNativeTarget section */
		C939827526728DB200793F9A /* SwiftUI3Fun */ = {
			isa = PBXNativeTarget;
			buildConfigurationList = C939828426728DB300793F9A /* Build configuration list for PBXNativeTarget "SwiftUI3Fun" */;
			buildPhases = (
				C939827226728DB200793F9A /* Sources */,
				C939827326728DB200793F9A /* Frameworks */,
				C939827426728DB200793F9A /* Resources */,
			);
			buildRules = (
			);
			dependencies = (
			);
			name = SwiftUI3Fun;
			productName = SwiftUI3Fun;
			productReference = C939827626728DB200793F9A /* SwiftUI3Fun.app */;
			productType = "com.apple.product-type.application";
		};
/* End PBXNativeTarget section */

/* Begin PBXProject section */
		C939826E26728DB200793F9A /* Project object */ = {
			isa = PBXProject;
			attributes = {
				BuildIndependentTargetsInParallel = 1;
				LastSwiftUpdateCheck = 1300;
				LastUpgradeCheck = 1300;
				TargetAttributes = {
					C939827526728DB200793F9A = {
						CreatedOnToolsVersion = 13.0;
					};
				};
			};
			buildConfigurationList = C939827126728DB200793F9A /* Build configuration list for PBXProject "SwiftUI3Fun" */;
			compatibilityVersion = "Xcode 13.0";
			developmentRegion = en;
			hasScannedForEncodings = 0;
			knownRegions = (
				en,
				Base,
			);
			mainGroup = C939826D26728DB200793F9A;
			productRefGroup = C939827726728DB200793F9A /* Products */;
			projectDirPath = "";
			projectRoot = "";
			targets = (
				C939827526728DB200793F9A /* SwiftUI3Fun */,
			);
		};
/* End PBXProject section */

/* Begin PBXResourcesBuildPhase section */
		C939827426728DB200793F9A /* Resources */ = {
			isa = PBXResourcesBuildPhase;
			buildActionMask = 2147483647;
			files = (
				C939828126728DB300793F9A /* Preview Assets.xcassets in Resources */,
				C939827E26728DB300793F9A /* Assets.xcassets in Resources */,
			);
			runOnlyForDeploymentPostprocessing = 0;
		};
/* End PBXResourcesBuildPhase section */

/* Begin PBXSourcesBuildPhase section */
		C939827226728DB200793F9A /* Sources */ = {
			isa = PBXSourcesBuildPhase;
			buildActionMask = 2147483647;
			files = (
				C93982C226728EA900793F9A /* DateFormatterExampleView.swift in Sources */,
				C93982B426728EA900793F9A /* ListSeparatorExampleView.swift in Sources */,
				C939828D26728E8E00793F9A /* ExampleItem.swift in Sources */,
				C93982B326728EA900793F9A /* HomeView.swift in Sources */,
				C93982C426728EA900793F9A /* ExampleView.swift in Sources */,
				C939828E26728E8E00793F9A /* Profile.swift in Sources */,
				C93982AE26728EA900793F9A /* ControlGroupExampleView.swift in Sources */,
				C93982B726728EA900793F9A /* SafeAreaInsetExampleView.swift in Sources */,
				C93982B826728EA900793F9A /* ListPullToRefreshExampleView.swift in Sources */,
				C93982B526728EA900793F9A /* KeyboardAccessoryExampleView.swift in Sources */,
				C93982B626728EA900793F9A /* ListSwipeActionsExampleView.swift in Sources */,
				C93982C326728EA900793F9A /* ConfirmationDialogExampleView.swift in Sources */,
				C93982BB26728EA900793F9A /* SearchBarExampleView.swift in Sources */,
				C939829426728E9D00793F9A /* SearchBarExampleViewModel.swift in Sources */,
				C939827C26728DB200793F9A /* ContentView.swift in Sources */,
				C93982B126728EA900793F9A /* ButtonExampleView.swift in Sources */,
				C93982BC26728EA900793F9A /* AsyncImageExampleView.swift in Sources */,
				C93982C026728EA900793F9A /* MarkdownExampleView.swift in Sources */,
				C93982B926728EA900793F9A /* ProfileView.swift in Sources */,
				C93982B226728EA900793F9A /* AlertExampleView.swift in Sources */,
				C93982AD26728EA900793F9A /* OnSubmitExampleView.swift in Sources */,
				C939829326728E9D00793F9A /* PullToRefreshExampleViewModel.swift in Sources */,
				C93982AF26728EA900793F9A /* BindedCollectionExampleView.swift in Sources */,
				C939829226728E9D00793F9A /* HomeViewModel.swift in Sources */,
				C93982C126728EA900793F9A /* SheetInteractiveDismissExampleView.swift in Sources */,
				C93982BE26728EA900793F9A /* FocusStateExampleView.swift in Sources */,
				C93982BA26728EA900793F9A /* SFSymbolsExampleView.swift in Sources */,
				C93982BF26728EA900793F9A /* MaterialExampleView.swift in Sources */,
				C93982BD26728EA900793F9A /* ShowHideKeyboardExampleView.swift in Sources */,
				C939827A26728DB200793F9A /* SwiftUI3FunApp.swift in Sources */,
				C93982B026728EA900793F9A /* ForegroundStylesExampleView.swift in Sources */,
			);
			runOnlyForDeploymentPostprocessing = 0;
		};
/* End PBXSourcesBuildPhase section */

/* Begin XCBuildConfiguration section */
		C939828226728DB300793F9A /* Debug */ = {
			isa = XCBuildConfiguration;
			buildSettings = {
				ALWAYS_SEARCH_USER_PATHS = NO;
				CLANG_ANALYZER_NONNULL = YES;
				CLANG_ANALYZER_NUMBER_OBJECT_CONVERSION = YES_AGGRESSIVE;
				CLANG_CXX_LANGUAGE_STANDARD = "gnu++14";
				CLANG_CXX_LIBRARY = "libc++";
				CLANG_ENABLE_MODULES = YES;
				CLANG_ENABLE_OBJC_ARC = YES;
				CLANG_ENABLE_OBJC_WEAK = YES;
				CLANG_WARN_BLOCK_CAPTURE_AUTORELEASING = YES;
				CLANG_WARN_BOOL_CONVERSION = YES;
				CLANG_WARN_COMMA = YES;
				CLANG_WARN_CONSTANT_CONVERSION = YES;
				CLANG_WARN_DEPRECATED_OBJC_IMPLEMENTATIONS = YES;
				CLANG_WARN_DIRECT_OBJC_ISA_USAGE = YES_ERROR;
				CLANG_WARN_DOCUMENTATION_COMMENTS = YES;
				CLANG_WARN_EMPTY_BODY = YES;
				CLANG_WARN_ENUM_CONVERSION = YES;
				CLANG_WARN_INFINITE_RECURSION = YES;
				CLANG_WARN_INT_CONVERSION = YES;
				CLANG_WARN_NON_LITERAL_NULL_CONVERSION = YES;
				CLANG_WARN_OBJC_IMPLICIT_RETAIN_SELF = YES;
				CLANG_WARN_OBJC_LITERAL_CONVERSION = YES;
				CLANG_WARN_OBJC_ROOT_CLASS = YES_ERROR;
				CLANG_WARN_QUOTED_INCLUDE_IN_FRAMEWORK_HEADER = YES;
				CLANG_WARN_RANGE_LOOP_ANALYSIS = YES;
				CLANG_WARN_STRICT_PROTOTYPES = YES;
				CLANG_WARN_SUSPICIOUS_MOVE = YES;
				CLANG_WARN_UNGUARDED_AVAILABILITY = YES_AGGRESSIVE;
				CLANG_WARN_UNREACHABLE_CODE = YES;
				CLANG_WARN__DUPLICATE_METHOD_MATCH = YES;
				COPY_PHASE_STRIP = NO;
				DEBUG_INFORMATION_FORMAT = dwarf;
				ENABLE_STRICT_OBJC_MSGSEND = YES;
				ENABLE_TESTABILITY = YES;
				GCC_C_LANGUAGE_STANDARD = gnu11;
				GCC_DYNAMIC_NO_PIC = NO;
				GCC_NO_COMMON_BLOCKS = YES;
				GCC_OPTIMIZATION_LEVEL = 0;
				GCC_PREPROCESSOR_DEFINITIONS = (
					"DEBUG=1",
					"$(inherited)",
				);
				GCC_WARN_64_TO_32_BIT_CONVERSION = YES;
				GCC_WARN_ABOUT_RETURN_TYPE = YES_ERROR;
				GCC_WARN_UNDECLARED_SELECTOR = YES;
				GCC_WARN_UNINITIALIZED_AUTOS = YES_AGGRESSIVE;
				GCC_WARN_UNUSED_FUNCTION = YES;
				GCC_WARN_UNUSED_VARIABLE = YES;
				IPHONEOS_DEPLOYMENT_TARGET = 15.0;
				MTL_ENABLE_DEBUG_INFO = INCLUDE_SOURCE;
				MTL_FAST_MATH = YES;
				ONLY_ACTIVE_ARCH = YES;
				SDKROOT = iphoneos;
				SWIFT_ACTIVE_COMPILATION_CONDITIONS = DEBUG;
				SWIFT_OPTIMIZATION_LEVEL = "-Onone";
			};
			name = Debug;
		};
		C939828326728DB300793F9A /* Release */ = {
			isa = XCBuildConfiguration;
			buildSettings = {
				ALWAYS_SEARCH_USER_PATHS = NO;
				CLANG_ANALYZER_NONNULL = YES;
				CLANG_ANALYZER_NUMBER_OBJECT_CONVERSION = YES_AGGRESSIVE;
				CLANG_CXX_LANGUAGE_STANDARD = "gnu++14";
				CLANG_CXX_LIBRARY = "libc++";
				CLANG_ENABLE_MODULES = YES;
				CLANG_ENABLE_OBJC_ARC = YES;
				CLANG_ENABLE_OBJC_WEAK = YES;
				CLANG_WARN_BLOCK_CAPTURE_AUTORELEASING = YES;
				CLANG_WARN_BOOL_CONVERSION = YES;
				CLANG_WARN_COMMA = YES;
				CLANG_WARN_CONSTANT_CONVERSION = YES;
				CLANG_WARN_DEPRECATED_OBJC_IMPLEMENTATIONS = YES;
				CLANG_WARN_DIRECT_OBJC_ISA_USAGE = YES_ERROR;
				CLANG_WARN_DOCUMENTATION_COMMENTS = YES;
				CLANG_WARN_EMPTY_BODY = YES;
				CLANG_WARN_ENUM_CONVERSION = YES;
				CLANG_WARN_INFINITE_RECURSION = YES;
				CLANG_WARN_INT_CONVERSION = YES;
				CLANG_WARN_NON_LITERAL_NULL_CONVERSION = YES;
				CLANG_WARN_OBJC_IMPLICIT_RETAIN_SELF = YES;
				CLANG_WARN_OBJC_LITERAL_CONVERSION = YES;
				CLANG_WARN_OBJC_ROOT_CLASS = YES_ERROR;
				CLANG_WARN_QUOTED_INCLUDE_IN_FRAMEWORK_HEADER = YES;
				CLANG_WARN_RANGE_LOOP_ANALYSIS = YES;
				CLANG_WARN_STRICT_PROTOTYPES = YES;
				CLANG_WARN_SUSPICIOUS_MOVE = YES;
				CLANG_WARN_UNGUARDED_AVAILABILITY = YES_AGGRESSIVE;
				CLANG_WARN_UNREACHABLE_CODE = YES;
				CLANG_WARN__DUPLICATE_METHOD_MATCH = YES;
				COPY_PHASE_STRIP = NO;
				DEBUG_INFORMATION_FORMAT = "dwarf-with-dsym";
				ENABLE_NS_ASSERTIONS = NO;
				ENABLE_STRICT_OBJC_MSGSEND = YES;
				GCC_C_LANGUAGE_STANDARD = gnu11;
				GCC_NO_COMMON_BLOCKS = YES;
				GCC_WARN_64_TO_32_BIT_CONVERSION = YES;
				GCC_WARN_ABOUT_RETURN_TYPE = YES_ERROR;
				GCC_WARN_UNDECLARED_SELECTOR = YES;
				GCC_WARN_UNINITIALIZED_AUTOS = YES_AGGRESSIVE;
				GCC_WARN_UNUSED_FUNCTION = YES;
				GCC_WARN_UNUSED_VARIABLE = YES;
				IPHONEOS_DEPLOYMENT_TARGET = 15.0;
				MTL_ENABLE_DEBUG_INFO = NO;
				MTL_FAST_MATH = YES;
				SDKROOT = iphoneos;
				SWIFT_COMPILATION_MODE = wholemodule;
				SWIFT_OPTIMIZATION_LEVEL = "-O";
				VALIDATE_PRODUCT = YES;
			};
			name = Release;
		};
		C939828526728DB300793F9A /* Debug */ = {
			isa = XCBuildConfiguration;
			buildSettings = {
				ASSETCATALOG_COMPILER_APPICON_NAME = AppIcon;
				ASSETCATALOG_COMPILER_GLOBAL_ACCENT_COLOR_NAME = AccentColor;
				CODE_SIGN_STYLE = Automatic;
				CURRENT_PROJECT_VERSION = 1;
				DEVELOPMENT_ASSET_PATHS = "\"SwiftUI3Fun/Preview Content\"";
				DEVELOPMENT_TEAM = R252PR8AVU;
				ENABLE_PREVIEWS = YES;
				GENERATE_INFOPLIST_FILE = YES;
				INFOPLIST_KEY_UIApplicationSceneManifest_Generation = YES;
				INFOPLIST_KEY_UIApplicationSupportsIndirectInputEvents = YES;
				INFOPLIST_KEY_UILaunchScreen_Generation = YES;
				INFOPLIST_KEY_UISupportedInterfaceOrientations_iPad = "UIInterfaceOrientationPortrait UIInterfaceOrientationPortraitUpsideDown UIInterfaceOrientationLandscapeLeft UIInterfaceOrientationLandscapeRight";
				INFOPLIST_KEY_UISupportedInterfaceOrientations_iPhone = "UIInterfaceOrientationPortrait UIInterfaceOrientationLandscapeLeft UIInterfaceOrientationLandscapeRight";
				IPHONEOS_DEPLOYMENT_TARGET = 14.0;
				LD_RUNPATH_SEARCH_PATHS = (
					"$(inherited)",
					"@executable_path/Frameworks",
				);
				MARKETING_VERSION = 1.0;
				PRODUCT_BUNDLE_IDENTIFIER = com.rebeloper.SwiftUI3Fun;
				PRODUCT_NAME = "$(TARGET_NAME)";
				SWIFT_EMIT_LOC_STRINGS = YES;
				SWIFT_VERSION = 5.0;
				TARGETED_DEVICE_FAMILY = "1,2";
			};
			name = Debug;
		};
		C939828626728DB300793F9A /* Release */ = {
			isa = XCBuildConfiguration;
			buildSettings = {
				ASSETCATALOG_COMPILER_APPICON_NAME = AppIcon;
				ASSETCATALOG_COMPILER_GLOBAL_ACCENT_COLOR_NAME = AccentColor;
				CODE_SIGN_STYLE = Automatic;
				CURRENT_PROJECT_VERSION = 1;
				DEVELOPMENT_ASSET_PATHS = "\"SwiftUI3Fun/Preview Content\"";
				DEVELOPMENT_TEAM = R252PR8AVU;
				ENABLE_PREVIEWS = YES;
				GENERATE_INFOPLIST_FILE = YES;
				INFOPLIST_KEY_UIApplicationSceneManifest_Generation = YES;
				INFOPLIST_KEY_UIApplicationSupportsIndirectInputEvents = YES;
				INFOPLIST_KEY_UILaunchScreen_Generation = YES;
				INFOPLIST_KEY_UISupportedInterfaceOrientations_iPad = "UIInterfaceOrientationPortrait UIInterfaceOrientationPortraitUpsideDown UIInterfaceOrientationLandscapeLeft UIInterfaceOrientationLandscapeRight";
				INFOPLIST_KEY_UISupportedInterfaceOrientations_iPhone = "UIInterfaceOrientationPortrait UIInterfaceOrientationLandscapeLeft UIInterfaceOrientationLandscapeRight";
				IPHONEOS_DEPLOYMENT_TARGET = 14.0;
				LD_RUNPATH_SEARCH_PATHS = (
					"$(inherited)",
					"@executable_path/Frameworks",
				);
				MARKETING_VERSION = 1.0;
				PRODUCT_BUNDLE_IDENTIFIER = com.rebeloper.SwiftUI3Fun;
				PRODUCT_NAME = "$(TARGET_NAME)";
				SWIFT_EMIT_LOC_STRINGS = YES;
				SWIFT_VERSION = 5.0;
				TARGETED_DEVICE_FAMILY = "1,2";
			};
			name = Release;
		};
/* End XCBuildConfiguration section */

/* Begin XCConfigurationList section */
		C939827126728DB200793F9A /* Build configuration list for PBXProject "SwiftUI3Fun" */ = {
			isa = XCConfigurationList;
			buildConfigurations = (
				C939828226728DB300793F9A /* Debug */,
				C939828326728DB300793F9A /* Release */,
			);
			defaultConfigurationIsVisible = 0;
			defaultConfigurationName = Release;
		};
		C939828426728DB300793F9A /* Build configuration list for PBXNativeTarget "SwiftUI3Fun" */ = {
			isa = XCConfigurationList;
			buildConfigurations = (
				C939828526728DB300793F9A /* Debug */,
				C939828626728DB300793F9A /* Release */,
			);
			defaultConfigurationIsVisible = 0;
			defaultConfigurationName = Release;
		};
/* End XCConfigurationList section */
	};
	rootObject = C939826E26728DB200793F9A /* Project object */;
}
